// !$*UTF8*$!
{
	archiveVersion = 1;
	classes = {
	};
	objectVersion = 50;
	objects = {

/* Begin PBXBuildFile section */
		FA02859123A7D14200651829 /* FirstViewController.swift in Sources */ = {isa = PBXBuildFile; fileRef = FA02858B23A7D14200651829 /* FirstViewController.swift */; };
		FA02859223A7D14200651829 /* SecondViewController.swift in Sources */ = {isa = PBXBuildFile; fileRef = FA02858C23A7D14200651829 /* SecondViewController.swift */; };
		FA02859323A7D14200651829 /* CellMas.swift in Sources */ = {isa = PBXBuildFile; fileRef = FA02858D23A7D14200651829 /* CellMas.swift */; };
		FA02859523A7D14200651829 /* SceneDelegate.swift in Sources */ = {isa = PBXBuildFile; fileRef = FA02858F23A7D14200651829 /* SceneDelegate.swift */; };
		FA02859923A7D16400651829 /* ApiWork.swift in Sources */ = {isa = PBXBuildFile; fileRef = FA02859723A7D16400651829 /* ApiWork.swift */; };
		FA02859C23A7D1F700651829 /* TRfIOS.xcdatamodeld in Sources */ = {isa = PBXBuildFile; fileRef = FA02859A23A7D1F700651829 /* TRfIOS.xcdatamodeld */; };
		FA02859E23A7D35700651829 /* ViewController.swift in Sources */ = {isa = PBXBuildFile; fileRef = FA02859D23A7D35700651829 /* ViewController.swift */; };
		FA433BBC2386A97300993072 /* AppDelegate.swift in Sources */ = {isa = PBXBuildFile; fileRef = FA433BBB2386A97300993072 /* AppDelegate.swift */; };
		FA433BBE2386A97300993072 /* SceneDelegate.swift in Sources */ = {isa = PBXBuildFile; fileRef = FA433BBD2386A97300993072 /* SceneDelegate.swift */; };
		FA433BC52386A97300993072 /* Main.storyboard in Resources */ = {isa = PBXBuildFile; fileRef = FA433BC32386A97300993072 /* Main.storyboard */; };
		FA433BCA2386A97400993072 /* Assets.xcassets in Resources */ = {isa = PBXBuildFile; fileRef = FA433BC92386A97400993072 /* Assets.xcassets */; };
		FA433BCD2386A97400993072 /* LaunchScreen.storyboard in Resources */ = {isa = PBXBuildFile; fileRef = FA433BCB2386A97400993072 /* LaunchScreen.storyboard */; };
		FA433BD82386A97400993072 /* TrevalRandomizer_IOSTests.swift in Sources */ = {isa = PBXBuildFile; fileRef = FA433BD72386A97400993072 /* TrevalRandomizer_IOSTests.swift */; };
		FA433BE32386A97400993072 /* TrevalRandomizer_IOSUITests.swift in Sources */ = {isa = PBXBuildFile; fileRef = FA433BE22386A97400993072 /* TrevalRandomizer_IOSUITests.swift */; };
		FA433BF12386ABBD00993072 /* MapView.swift in Sources */ = {isa = PBXBuildFile; fileRef = FA433BF02386ABBD00993072 /* MapView.swift */; };
		FA433BF32386ABD100993072 /* PlaceView.swift in Sources */ = {isa = PBXBuildFile; fileRef = FA433BF22386ABD100993072 /* PlaceView.swift */; };
		FA433BF52386ABE300993072 /* HistoryView.swift in Sources */ = {isa = PBXBuildFile; fileRef = FA433BF42386ABE300993072 /* HistoryView.swift */; };
/* End PBXBuildFile section */

/* Begin PBXContainerItemProxy section */
		FA433BD42386A97400993072 /* PBXContainerItemProxy */ = {
			isa = PBXContainerItemProxy;
			containerPortal = FA433BB02386A97300993072 /* Project object */;
			proxyType = 1;
			remoteGlobalIDString = FA433BB72386A97300993072;
			remoteInfo = TrevalRandomizer_IOS;
		};
		FA433BDF2386A97400993072 /* PBXContainerItemProxy */ = {
			isa = PBXContainerItemProxy;
			containerPortal = FA433BB02386A97300993072 /* Project object */;
			proxyType = 1;
			remoteGlobalIDString = FA433BB72386A97300993072;
			remoteInfo = TrevalRandomizer_IOS;
		};
/* End PBXContainerItemProxy section */

/* Begin PBXFileReference section */
		FA02858B23A7D14200651829 /* FirstViewController.swift */ = {isa = PBXFileReference; fileEncoding = 4; lastKnownFileType = sourcecode.swift; path = FirstViewController.swift; sourceTree = "<group>"; };
		FA02858C23A7D14200651829 /* SecondViewController.swift */ = {isa = PBXFileReference; fileEncoding = 4; lastKnownFileType = sourcecode.swift; path = SecondViewController.swift; sourceTree = "<group>"; };
		FA02858D23A7D14200651829 /* CellMas.swift */ = {isa = PBXFileReference; fileEncoding = 4; lastKnownFileType = sourcecode.swift; path = CellMas.swift; sourceTree = "<group>"; };
		FA02858F23A7D14200651829 /* SceneDelegate.swift */ = {isa = PBXFileReference; fileEncoding = 4; lastKnownFileType = sourcecode.swift; path = SceneDelegate.swift; sourceTree = "<group>"; };
		FA02859723A7D16400651829 /* ApiWork.swift */ = {isa = PBXFileReference; fileEncoding = 4; lastKnownFileType = sourcecode.swift; path = ApiWork.swift; sourceTree = "<group>"; };
		FA02859B23A7D1F700651829 /* TRfIOS.xcdatamodel */ = {isa = PBXFileReference; lastKnownFileType = wrapper.xcdatamodel; path = TRfIOS.xcdatamodel; sourceTree = "<group>"; };
		FA02859D23A7D35700651829 /* ViewController.swift */ = {isa = PBXFileReference; fileEncoding = 4; lastKnownFileType = sourcecode.swift; path = ViewController.swift; sourceTree = "<group>"; };
		FA433BB82386A97300993072 /* TrevalRandomizer_IOS.app */ = {isa = PBXFileReference; explicitFileType = wrapper.application; includeInIndex = 0; path = TrevalRandomizer_IOS.app; sourceTree = BUILT_PRODUCTS_DIR; };
		FA433BBB2386A97300993072 /* AppDelegate.swift */ = {isa = PBXFileReference; lastKnownFileType = sourcecode.swift; path = AppDelegate.swift; sourceTree = "<group>"; };
		FA433BBD2386A97300993072 /* SceneDelegate.swift */ = {isa = PBXFileReference; lastKnownFileType = sourcecode.swift; path = SceneDelegate.swift; sourceTree = "<group>"; };
		FA433BC42386A97300993072 /* Base */ = {isa = PBXFileReference; lastKnownFileType = file.storyboard; name = Base; path = Base.lproj/Main.storyboard; sourceTree = "<group>"; };
		FA433BC92386A97400993072 /* Assets.xcassets */ = {isa = PBXFileReference; lastKnownFileType = folder.assetcatalog; path = Assets.xcassets; sourceTree = "<group>"; };
		FA433BCC2386A97400993072 /* Base */ = {isa = PBXFileReference; lastKnownFileType = file.storyboard; name = Base; path = Base.lproj/LaunchScreen.storyboard; sourceTree = "<group>"; };
		FA433BCE2386A97400993072 /* Info.plist */ = {isa = PBXFileReference; lastKnownFileType = text.plist.xml; path = Info.plist; sourceTree = "<group>"; };
		FA433BD32386A97400993072 /* TrevalRandomizer_IOSTests.xctest */ = {isa = PBXFileReference; explicitFileType = wrapper.cfbundle; includeInIndex = 0; path = TrevalRandomizer_IOSTests.xctest; sourceTree = BUILT_PRODUCTS_DIR; };
		FA433BD72386A97400993072 /* TrevalRandomizer_IOSTests.swift */ = {isa = PBXFileReference; lastKnownFileType = sourcecode.swift; path = TrevalRandomizer_IOSTests.swift; sourceTree = "<group>"; };
		FA433BD92386A97400993072 /* Info.plist */ = {isa = PBXFileReference; lastKnownFileType = text.plist.xml; path = Info.plist; sourceTree = "<group>"; };
		FA433BDE2386A97400993072 /* TrevalRandomizer_IOSUITests.xctest */ = {isa = PBXFileReference; explicitFileType = wrapper.cfbundle; includeInIndex = 0; path = TrevalRandomizer_IOSUITests.xctest; sourceTree = BUILT_PRODUCTS_DIR; };
		FA433BE22386A97400993072 /* TrevalRandomizer_IOSUITests.swift */ = {isa = PBXFileReference; lastKnownFileType = sourcecode.swift; path = TrevalRandomizer_IOSUITests.swift; sourceTree = "<group>"; };
		FA433BE42386A97400993072 /* Info.plist */ = {isa = PBXFileReference; lastKnownFileType = text.plist.xml; path = Info.plist; sourceTree = "<group>"; };
		FA433BF02386ABBD00993072 /* MapView.swift */ = {isa = PBXFileReference; lastKnownFileType = sourcecode.swift; path = MapView.swift; sourceTree = "<group>"; };
		FA433BF22386ABD100993072 /* PlaceView.swift */ = {isa = PBXFileReference; lastKnownFileType = sourcecode.swift; path = PlaceView.swift; sourceTree = "<group>"; };
		FA433BF42386ABE300993072 /* HistoryView.swift */ = {isa = PBXFileReference; lastKnownFileType = sourcecode.swift; path = HistoryView.swift; sourceTree = "<group>"; };
/* End PBXFileReference section */

/* Begin PBXFrameworksBuildPhase section */
		FA433BB52386A97300993072 /* Frameworks */ = {
			isa = PBXFrameworksBuildPhase;
			buildActionMask = 2147483647;
			files = (
			);
			runOnlyForDeploymentPostprocessing = 0;
		};
		FA433BD02386A97400993072 /* Frameworks */ = {
			isa = PBXFrameworksBuildPhase;
			buildActionMask = 2147483647;
			files = (
			);
			runOnlyForDeploymentPostprocessing = 0;
		};
		FA433BDB2386A97400993072 /* Frameworks */ = {
			isa = PBXFrameworksBuildPhase;
			buildActionMask = 2147483647;
			files = (
			);
			runOnlyForDeploymentPostprocessing = 0;
		};
/* End PBXFrameworksBuildPhase section */

/* Begin PBXGroup section */
		FA433BAF2386A97300993072 = {
			isa = PBXGroup;
			children = (
				FA433BBA2386A97300993072 /* TrevalRandomizer_IOS */,
				FA433BD62386A97400993072 /* TrevalRandomizer_IOSTests */,
				FA433BE12386A97400993072 /* TrevalRandomizer_IOSUITests */,
				FA433BB92386A97300993072 /* Products */,
			);
			sourceTree = "<group>";
		};
		FA433BB92386A97300993072 /* Products */ = {
			isa = PBXGroup;
			children = (
				FA433BB82386A97300993072 /* TrevalRandomizer_IOS.app */,
				FA433BD32386A97400993072 /* TrevalRandomizer_IOSTests.xctest */,
				FA433BDE2386A97400993072 /* TrevalRandomizer_IOSUITests.xctest */,
			);
			name = Products;
			sourceTree = "<group>";
		};
		FA433BBA2386A97300993072 /* TrevalRandomizer_IOS */ = {
			isa = PBXGroup;
			children = (
				FA433BBB2386A97300993072 /* AppDelegate.swift */,
				FA02859D23A7D35700651829 /* ViewController.swift */,
				FA433BBD2386A97300993072 /* SceneDelegate.swift */,
				FA02859723A7D16400651829 /* ApiWork.swift */,
				FA433BF02386ABBD00993072 /* MapView.swift */,
				FA433BF22386ABD100993072 /* PlaceView.swift */,
				FA02858D23A7D14200651829 /* CellMas.swift */,
				FA02858B23A7D14200651829 /* FirstViewController.swift */,
				FA433BF42386ABE300993072 /* HistoryView.swift */,
				FA02858F23A7D14200651829 /* SceneDelegate.swift */,
				FA02858C23A7D14200651829 /* SecondViewController.swift */,
				FA433BC32386A97300993072 /* Main.storyboard */,
				FA433BC92386A97400993072 /* Assets.xcassets */,
				FA433BCB2386A97400993072 /* LaunchScreen.storyboard */,
				FA433BCE2386A97400993072 /* Info.plist */,
				FA02859A23A7D1F700651829 /* TRfIOS.xcdatamodeld */,
			);
			path = TrevalRandomizer_IOS;
			sourceTree = "<group>";
		};
		FA433BD62386A97400993072 /* TrevalRandomizer_IOSTests */ = {
			isa = PBXGroup;
			children = (
				FA433BD72386A97400993072 /* TrevalRandomizer_IOSTests.swift */,
				FA433BD92386A97400993072 /* Info.plist */,
			);
			path = TrevalRandomizer_IOSTests;
			sourceTree = "<group>";
		};
		FA433BE12386A97400993072 /* TrevalRandomizer_IOSUITests */ = {
			isa = PBXGroup;
			children = (
				FA433BE22386A97400993072 /* TrevalRandomizer_IOSUITests.swift */,
				FA433BE42386A97400993072 /* Info.plist */,
			);
			path = TrevalRandomizer_IOSUITests;
			sourceTree = "<group>";
		};
/* End PBXGroup section */

/* Begin PBXNativeTarget section */
		FA433BB72386A97300993072 /* TrevalRandomizer_IOS */ = {
			isa = PBXNativeTarget;
			buildConfigurationList = FA433BE72386A97400993072 /* Build configuration list for PBXNativeTarget "TrevalRandomizer_IOS" */;
			buildPhases = (
				FA433BB42386A97300993072 /* Sources */,
				FA433BB52386A97300993072 /* Frameworks */,
				FA433BB62386A97300993072 /* Resources */,
			);
			buildRules = (
			);
			dependencies = (
			);
			name = TrevalRandomizer_IOS;
			productName = TrevalRandomizer_IOS;
			productReference = FA433BB82386A97300993072 /* TrevalRandomizer_IOS.app */;
			productType = "com.apple.product-type.application";
		};
		FA433BD22386A97400993072 /* TrevalRandomizer_IOSTests */ = {
			isa = PBXNativeTarget;
			buildConfigurationList = FA433BEA2386A97400993072 /* Build configuration list for PBXNativeTarget "TrevalRandomizer_IOSTests" */;
			buildPhases = (
				FA433BCF2386A97400993072 /* Sources */,
				FA433BD02386A97400993072 /* Frameworks */,
				FA433BD12386A97400993072 /* Resources */,
			);
			buildRules = (
			);
			dependencies = (
				FA433BD52386A97400993072 /* PBXTargetDependency */,
			);
			name = TrevalRandomizer_IOSTests;
			productName = TrevalRandomizer_IOSTests;
			productReference = FA433BD32386A97400993072 /* TrevalRandomizer_IOSTests.xctest */;
			productType = "com.apple.product-type.bundle.unit-test";
		};
		FA433BDD2386A97400993072 /* TrevalRandomizer_IOSUITests */ = {
			isa = PBXNativeTarget;
			buildConfigurationList = FA433BED2386A97400993072 /* Build configuration list for PBXNativeTarget "TrevalRandomizer_IOSUITests" */;
			buildPhases = (
				FA433BDA2386A97400993072 /* Sources */,
				FA433BDB2386A97400993072 /* Frameworks */,
				FA433BDC2386A97400993072 /* Resources */,
			);
			buildRules = (
			);
			dependencies = (
				FA433BE02386A97400993072 /* PBXTargetDependency */,
			);
			name = TrevalRandomizer_IOSUITests;
			productName = TrevalRandomizer_IOSUITests;
			productReference = FA433BDE2386A97400993072 /* TrevalRandomizer_IOSUITests.xctest */;
			productType = "com.apple.product-type.bundle.ui-testing";
		};
/* End PBXNativeTarget section */

/* Begin PBXProject section */
		FA433BB02386A97300993072 /* Project object */ = {
			isa = PBXProject;
			attributes = {
				LastSwiftUpdateCheck = 1120;
				LastUpgradeCheck = 1120;
				ORGANIZATIONNAME = "Алексей";
				TargetAttributes = {
					FA433BB72386A97300993072 = {
						CreatedOnToolsVersion = 11.2;
					};
					FA433BD22386A97400993072 = {
						CreatedOnToolsVersion = 11.2;
						TestTargetID = FA433BB72386A97300993072;
					};
					FA433BDD2386A97400993072 = {
						CreatedOnToolsVersion = 11.2;
						TestTargetID = FA433BB72386A97300993072;
					};
				};
			};
			buildConfigurationList = FA433BB32386A97300993072 /* Build configuration list for PBXProject "TrevalRandomizer_IOS" */;
			compatibilityVersion = "Xcode 9.3";
			developmentRegion = en;
			hasScannedForEncodings = 0;
			knownRegions = (
				en,
				Base,
			);
			mainGroup = FA433BAF2386A97300993072;
			productRefGroup = FA433BB92386A97300993072 /* Products */;
			projectDirPath = "";
			projectRoot = "";
			targets = (
				FA433BB72386A97300993072 /* TrevalRandomizer_IOS */,
				FA433BD22386A97400993072 /* TrevalRandomizer_IOSTests */,
				FA433BDD2386A97400993072 /* TrevalRandomizer_IOSUITests */,
			);
		};
/* End PBXProject section */

/* Begin PBXResourcesBuildPhase section */
		FA433BB62386A97300993072 /* Resources */ = {
			isa = PBXResourcesBuildPhase;
			buildActionMask = 2147483647;
			files = (
				FA433BCD2386A97400993072 /* LaunchScreen.storyboard in Resources */,
				FA433BCA2386A97400993072 /* Assets.xcassets in Resources */,
				FA433BC52386A97300993072 /* Main.storyboard in Resources */,
			);
			runOnlyForDeploymentPostprocessing = 0;
		};
		FA433BD12386A97400993072 /* Resources */ = {
			isa = PBXResourcesBuildPhase;
			buildActionMask = 2147483647;
			files = (
			);
			runOnlyForDeploymentPostprocessing = 0;
		};
		FA433BDC2386A97400993072 /* Resources */ = {
			isa = PBXResourcesBuildPhase;
			buildActionMask = 2147483647;
			files = (
			);
			runOnlyForDeploymentPostprocessing = 0;
		};
/* End PBXResourcesBuildPhase section */

/* Begin PBXSourcesBuildPhase section */
		FA433BB42386A97300993072 /* Sources */ = {
			isa = PBXSourcesBuildPhase;
			buildActionMask = 2147483647;
			files = (
				FA433BF52386ABE300993072 /* HistoryView.swift in Sources */,
				FA02859C23A7D1F700651829 /* TRfIOS.xcdatamodeld in Sources */,
				FA02859223A7D14200651829 /* SecondViewController.swift in Sources */,
				FA02859123A7D14200651829 /* FirstViewController.swift in Sources */,
				FA433BF12386ABBD00993072 /* MapView.swift in Sources */,
				FA433BF32386ABD100993072 /* PlaceView.swift in Sources */,
				FA02859E23A7D35700651829 /* ViewController.swift in Sources */,
				FA433BBC2386A97300993072 /* AppDelegate.swift in Sources */,
				FA433BBE2386A97300993072 /* SceneDelegate.swift in Sources */,
				FA02859323A7D14200651829 /* CellMas.swift in Sources */,
				FA02859923A7D16400651829 /* ApiWork.swift in Sources */,
				FA02859523A7D14200651829 /* SceneDelegate.swift in Sources */,
			);
			runOnlyForDeploymentPostprocessing = 0;
		};
		FA433BCF2386A97400993072 /* Sources */ = {
			isa = PBXSourcesBuildPhase;
			buildActionMask = 2147483647;
			files = (
				FA433BD82386A97400993072 /* TrevalRandomizer_IOSTests.swift in Sources */,
			);
			runOnlyForDeploymentPostprocessing = 0;
		};
		FA433BDA2386A97400993072 /* Sources */ = {
			isa = PBXSourcesBuildPhase;
			buildActionMask = 2147483647;
			files = (
				FA433BE32386A97400993072 /* TrevalRandomizer_IOSUITests.swift in Sources */,
			);
			runOnlyForDeploymentPostprocessing = 0;
		};
/* End PBXSourcesBuildPhase section */

/* Begin PBXTargetDependency section */
		FA433BD52386A97400993072 /* PBXTargetDependency */ = {
			isa = PBXTargetDependency;
			target = FA433BB72386A97300993072 /* TrevalRandomizer_IOS */;
			targetProxy = FA433BD42386A97400993072 /* PBXContainerItemProxy */;
		};
		FA433BE02386A97400993072 /* PBXTargetDependency */ = {
			isa = PBXTargetDependency;
			target = FA433BB72386A97300993072 /* TrevalRandomizer_IOS */;
			targetProxy = FA433BDF2386A97400993072 /* PBXContainerItemProxy */;
		};
/* End PBXTargetDependency section */

/* Begin PBXVariantGroup section */
		FA433BC32386A97300993072 /* Main.storyboard */ = {
			isa = PBXVariantGroup;
			children = (
				FA433BC42386A97300993072 /* Base */,
			);
			name = Main.storyboard;
			sourceTree = "<group>";
		};
		FA433BCB2386A97400993072 /* LaunchScreen.storyboard */ = {
			isa = PBXVariantGroup;
			children = (
				FA433BCC2386A97400993072 /* Base */,
			);
			name = LaunchScreen.storyboard;
			sourceTree = "<group>";
		};
/* End PBXVariantGroup section */

/* Begin XCBuildConfiguration section */
		FA433BE52386A97400993072 /* Debug */ = {
			isa = XCBuildConfiguration;
			buildSettings = {
				ALWAYS_SEARCH_USER_PATHS = NO;
				CLANG_ANALYZER_NONNULL = YES;
				CLANG_ANALYZER_NUMBER_OBJECT_CONVERSION = YES_AGGRESSIVE;
				CLANG_CXX_LANGUAGE_STANDARD = "gnu++14";
				CLANG_CXX_LIBRARY = "libc++";
				CLANG_ENABLE_MODULES = YES;
				CLANG_ENABLE_OBJC_ARC = YES;
				CLANG_ENABLE_OBJC_WEAK = YES;
				CLANG_WARN_BLOCK_CAPTURE_AUTORELEASING = YES;
				CLANG_WARN_BOOL_CONVERSION = YES;
				CLANG_WARN_COMMA = YES;
				CLANG_WARN_CONSTANT_CONVERSION = YES;
				CLANG_WARN_DEPRECATED_OBJC_IMPLEMENTATIONS = YES;
				CLANG_WARN_DIRECT_OBJC_ISA_USAGE = YES_ERROR;
				CLANG_WARN_DOCUMENTATION_COMMENTS = YES;
				CLANG_WARN_EMPTY_BODY = YES;
				CLANG_WARN_ENUM_CONVERSION = YES;
				CLANG_WARN_INFINITE_RECURSION = YES;
				CLANG_WARN_INT_CONVERSION = YES;
				CLANG_WARN_NON_LITERAL_NULL_CONVERSION = YES;
				CLANG_WARN_OBJC_IMPLICIT_RETAIN_SELF = YES;
				CLANG_WARN_OBJC_LITERAL_CONVERSION = YES;
				CLANG_WARN_OBJC_ROOT_CLASS = YES_ERROR;
				CLANG_WARN_RANGE_LOOP_ANALYSIS = YES;
				CLANG_WARN_STRICT_PROTOTYPES = YES;
				CLANG_WARN_SUSPICIOUS_MOVE = YES;
				CLANG_WARN_UNGUARDED_AVAILABILITY = YES_AGGRESSIVE;
				CLANG_WARN_UNREACHABLE_CODE = YES;
				CLANG_WARN__DUPLICATE_METHOD_MATCH = YES;
				COPY_PHASE_STRIP = NO;
				DEBUG_INFORMATION_FORMAT = dwarf;
				ENABLE_STRICT_OBJC_MSGSEND = YES;
				ENABLE_TESTABILITY = YES;
				GCC_C_LANGUAGE_STANDARD = gnu11;
				GCC_DYNAMIC_NO_PIC = NO;
				GCC_NO_COMMON_BLOCKS = YES;
				GCC_OPTIMIZATION_LEVEL = 0;
				GCC_PREPROCESSOR_DEFINITIONS = (
					"DEBUG=1",
					"$(inherited)",
				);
				GCC_WARN_64_TO_32_BIT_CONVERSION = YES;
				GCC_WARN_ABOUT_RETURN_TYPE = YES_ERROR;
				GCC_WARN_UNDECLARED_SELECTOR = YES;
				GCC_WARN_UNINITIALIZED_AUTOS = YES_AGGRESSIVE;
				GCC_WARN_UNUSED_FUNCTION = YES;
				GCC_WARN_UNUSED_VARIABLE = YES;
				IPHONEOS_DEPLOYMENT_TARGET = 13.2;
				MTL_ENABLE_DEBUG_INFO = INCLUDE_SOURCE;
				MTL_FAST_MATH = YES;
				ONLY_ACTIVE_ARCH = YES;
				SDKROOT = iphoneos;
				SWIFT_ACTIVE_COMPILATION_CONDITIONS = DEBUG;
				SWIFT_OPTIMIZATION_LEVEL = "-Onone";
				SWIFT_SWIFT3_OBJC_INFERENCE = Default;
				SWIFT_VERSION = 5.0;
			};
			name = Debug;
		};
		FA433BE62386A97400993072 /* Release */ = {
			isa = XCBuildConfiguration;
			buildSettings = {
				ALWAYS_SEARCH_USER_PATHS = NO;
				CLANG_ANALYZER_NONNULL = YES;
				CLANG_ANALYZER_NUMBER_OBJECT_CONVERSION = YES_AGGRESSIVE;
				CLANG_CXX_LANGUAGE_STANDARD = "gnu++14";
				CLANG_CXX_LIBRARY = "libc++";
				CLANG_ENABLE_MODULES = YES;
				CLANG_ENABLE_OBJC_ARC = YES;
				CLANG_ENABLE_OBJC_WEAK = YES;
				CLANG_WARN_BLOCK_CAPTURE_AUTORELEASING = YES;
				CLANG_WARN_BOOL_CONVERSION = YES;
				CLANG_WARN_COMMA = YES;
				CLANG_WARN_CONSTANT_CONVERSION = YES;
				CLANG_WARN_DEPRECATED_OBJC_IMPLEMENTATIONS = YES;
				CLANG_WARN_DIRECT_OBJC_ISA_USAGE = YES_ERROR;
				CLANG_WARN_DOCUMENTATION_COMMENTS = YES;
				CLANG_WARN_EMPTY_BODY = YES;
				CLANG_WARN_ENUM_CONVERSION = YES;
				CLANG_WARN_INFINITE_RECURSION = YES;
				CLANG_WARN_INT_CONVERSION = YES;
				CLANG_WARN_NON_LITERAL_NULL_CONVERSION = YES;
				CLANG_WARN_OBJC_IMPLICIT_RETAIN_SELF = YES;
				CLANG_WARN_OBJC_LITERAL_CONVERSION = YES;
				CLANG_WARN_OBJC_ROOT_CLASS = YES_ERROR;
				CLANG_WARN_RANGE_LOOP_ANALYSIS = YES;
				CLANG_WARN_STRICT_PROTOTYPES = YES;
				CLANG_WARN_SUSPICIOUS_MOVE = YES;
				CLANG_WARN_UNGUARDED_AVAILABILITY = YES_AGGRESSIVE;
				CLANG_WARN_UNREACHABLE_CODE = YES;
				CLANG_WARN__DUPLICATE_METHOD_MATCH = YES;
				COPY_PHASE_STRIP = NO;
				DEBUG_INFORMATION_FORMAT = "dwarf-with-dsym";
				ENABLE_NS_ASSERTIONS = NO;
				ENABLE_STRICT_OBJC_MSGSEND = YES;
				GCC_C_LANGUAGE_STANDARD = gnu11;
				GCC_NO_COMMON_BLOCKS = YES;
				GCC_WARN_64_TO_32_BIT_CONVERSION = YES;
				GCC_WARN_ABOUT_RETURN_TYPE = YES_ERROR;
				GCC_WARN_UNDECLARED_SELECTOR = YES;
				GCC_WARN_UNINITIALIZED_AUTOS = YES_AGGRESSIVE;
				GCC_WARN_UNUSED_FUNCTION = YES;
				GCC_WARN_UNUSED_VARIABLE = YES;
				IPHONEOS_DEPLOYMENT_TARGET = 13.2;
				MTL_ENABLE_DEBUG_INFO = NO;
				MTL_FAST_MATH = YES;
				SDKROOT = iphoneos;
				SWIFT_COMPILATION_MODE = wholemodule;
				SWIFT_OPTIMIZATION_LEVEL = "-O";
				SWIFT_SWIFT3_OBJC_INFERENCE = Default;
				SWIFT_VERSION = 5.0;
				VALIDATE_PRODUCT = YES;
			};
			name = Release;
		};
		FA433BE82386A97400993072 /* Debug */ = {
			isa = XCBuildConfiguration;
			buildSettings = {
				ASSETCATALOG_COMPILER_APPICON_NAME = AppIcon;
				CODE_SIGN_STYLE = Automatic;
				DEVELOPMENT_TEAM = YJJWT3N6UE;
				INFOPLIST_FILE = TrevalRandomizer_IOS/Info.plist;
				LD_RUNPATH_SEARCH_PATHS = (
					"$(inherited)",
					"@executable_path/Frameworks",
				);
				PRODUCT_BUNDLE_IDENTIFIER = "TRTPO.TrevalRandomizer-IOS";
				PRODUCT_NAME = "$(TARGET_NAME)";
				SWIFT_SWIFT3_OBJC_INFERENCE = Default;
				SWIFT_VERSION = 5.0;
				TARGETED_DEVICE_FAMILY = "1,2";
			};
			name = Debug;
		};
		FA433BE92386A97400993072 /* Release */ = {
			isa = XCBuildConfiguration;
			buildSettings = {
				ASSETCATALOG_COMPILER_APPICON_NAME = AppIcon;
				CODE_SIGN_STYLE = Automatic;
				DEVELOPMENT_TEAM = YJJWT3N6UE;
				INFOPLIST_FILE = TrevalRandomizer_IOS/Info.plist;
				LD_RUNPATH_SEARCH_PATHS = (
					"$(inherited)",
					"@executable_path/Frameworks",
				);
				PRODUCT_BUNDLE_IDENTIFIER = "TRTPO.TrevalRandomizer-IOS";
				PRODUCT_NAME = "$(TARGET_NAME)";
				SWIFT_SWIFT3_OBJC_INFERENCE = Default;
				SWIFT_VERSION = 5.0;
				TARGETED_DEVICE_FAMILY = "1,2";
			};
			name = Release;
		};
		FA433BEB2386A97400993072 /* Debug */ = {
			isa = XCBuildConfiguration;
			buildSettings = {
				ALWAYS_EMBED_SWIFT_STANDARD_LIBRARIES = YES;
				BUNDLE_LOADER = "$(TEST_HOST)";
				CODE_SIGN_STYLE = Automatic;
				DEVELOPMENT_TEAM = YJJWT3N6UE;
				INFOPLIST_FILE = TrevalRandomizer_IOSTests/Info.plist;
				IPHONEOS_DEPLOYMENT_TARGET = 13.2;
				LD_RUNPATH_SEARCH_PATHS = (
					"$(inherited)",
					"@executable_path/Frameworks",
					"@loader_path/Frameworks",
				);
				PRODUCT_BUNDLE_IDENTIFIER = "TRTPO.TrevalRandomizer-IOSTests";
				PRODUCT_NAME = "$(TARGET_NAME)";
				SWIFT_VERSION = 5.0;
				TARGETED_DEVICE_FAMILY = "1,2";
				TEST_HOST = "$(BUILT_PRODUCTS_DIR)/TrevalRandomizer_IOS.app/TrevalRandomizer_IOS";
			};
			name = Debug;
		};
		FA433BEC2386A97400993072 /* Release */ = {
			isa = XCBuildConfiguration;
			buildSettings = {
				ALWAYS_EMBED_SWIFT_STANDARD_LIBRARIES = YES;
				BUNDLE_LOADER = "$(TEST_HOST)";
				CODE_SIGN_STYLE = Automatic;
				DEVELOPMENT_TEAM = YJJWT3N6UE;
				INFOPLIST_FILE = TrevalRandomizer_IOSTests/Info.plist;
				IPHONEOS_DEPLOYMENT_TARGET = 13.2;
				LD_RUNPATH_SEARCH_PATHS = (
					"$(inherited)",
					"@executable_path/Frameworks",
					"@loader_path/Frameworks",
				);
				PRODUCT_BUNDLE_IDENTIFIER = "TRTPO.TrevalRandomizer-IOSTests";
				PRODUCT_NAME = "$(TARGET_NAME)";
				SWIFT_VERSION = 5.0;
				TARGETED_DEVICE_FAMILY = "1,2";
				TEST_HOST = "$(BUILT_PRODUCTS_DIR)/TrevalRandomizer_IOS.app/TrevalRandomizer_IOS";
			};
			name = Release;
		};
		FA433BEE2386A97400993072 /* Debug */ = {
			isa = XCBuildConfiguration;
			buildSettings = {
				ALWAYS_EMBED_SWIFT_STANDARD_LIBRARIES = YES;
				CODE_SIGN_STYLE = Automatic;
				DEVELOPMENT_TEAM = YJJWT3N6UE;
				INFOPLIST_FILE = TrevalRandomizer_IOSUITests/Info.plist;
				LD_RUNPATH_SEARCH_PATHS = (
					"$(inherited)",
					"@executable_path/Frameworks",
					"@loader_path/Frameworks",
				);
				PRODUCT_BUNDLE_IDENTIFIER = "TRTPO.TrevalRandomizer-IOSUITests";
				PRODUCT_NAME = "$(TARGET_NAME)";
				SWIFT_VERSION = 5.0;
				TARGETED_DEVICE_FAMILY = "1,2";
				TEST_TARGET_NAME = TrevalRandomizer_IOS;
			};
			name = Debug;
		};
		FA433BEF2386A97400993072 /* Release */ = {
			isa = XCBuildConfiguration;
			buildSettings = {
				ALWAYS_EMBED_SWIFT_STANDARD_LIBRARIES = YES;
				CODE_SIGN_STYLE = Automatic;
				DEVELOPMENT_TEAM = YJJWT3N6UE;
				INFOPLIST_FILE = TrevalRandomizer_IOSUITests/Info.plist;
				LD_RUNPATH_SEARCH_PATHS = (
					"$(inherited)",
					"@executable_path/Frameworks",
					"@loader_path/Frameworks",
				);
				PRODUCT_BUNDLE_IDENTIFIER = "TRTPO.TrevalRandomizer-IOSUITests";
				PRODUCT_NAME = "$(TARGET_NAME)";
				SWIFT_VERSION = 5.0;
				TARGETED_DEVICE_FAMILY = "1,2";
				TEST_TARGET_NAME = TrevalRandomizer_IOS;
			};
			name = Release;
		};
/* End XCBuildConfiguration section */

/* Begin XCConfigurationList section */
		FA433BB32386A97300993072 /* Build configuration list for PBXProject "TrevalRandomizer_IOS" */ = {
			isa = XCConfigurationList;
			buildConfigurations = (
				FA433BE52386A97400993072 /* Debug */,
				FA433BE62386A97400993072 /* Release */,
			);
			defaultConfigurationIsVisible = 0;
			defaultConfigurationName = Release;
		};
		FA433BE72386A97400993072 /* Build configuration list for PBXNativeTarget "TrevalRandomizer_IOS" */ = {
			isa = XCConfigurationList;
			buildConfigurations = (
				FA433BE82386A97400993072 /* Debug */,
				FA433BE92386A97400993072 /* Release */,
			);
			defaultConfigurationIsVisible = 0;
			defaultConfigurationName = Release;
		};
		FA433BEA2386A97400993072 /* Build configuration list for PBXNativeTarget "TrevalRandomizer_IOSTests" */ = {
			isa = XCConfigurationList;
			buildConfigurations = (
				FA433BEB2386A97400993072 /* Debug */,
				FA433BEC2386A97400993072 /* Release */,
			);
			defaultConfigurationIsVisible = 0;
			defaultConfigurationName = Release;
		};
		FA433BED2386A97400993072 /* Build configuration list for PBXNativeTarget "TrevalRandomizer_IOSUITests" */ = {
			isa = XCConfigurationList;
			buildConfigurations = (
				FA433BEE2386A97400993072 /* Debug */,
				FA433BEF2386A97400993072 /* Release */,
			);
			defaultConfigurationIsVisible = 0;
			defaultConfigurationName = Release;
		};
/* End XCConfigurationList section */

/* Begin XCVersionGroup section */
		FA02859A23A7D1F700651829 /* TRfIOS.xcdatamodeld */ = {
			isa = XCVersionGroup;
			children = (
				FA02859B23A7D1F700651829 /* TRfIOS.xcdatamodel */,
			);
			currentVersion = FA02859B23A7D1F700651829 /* TRfIOS.xcdatamodel */;
			path = TRfIOS.xcdatamodeld;
			sourceTree = "<group>";
			versionGroupType = wrapper.xcdatamodel;
		};
/* End XCVersionGroup section */
	};
	rootObject = FA433BB02386A97300993072 /* Project object */;
}
