// !$*UTF8*$!
{
	archiveVersion = 1;
	classes = {
	};
	objectVersion = 50;
	objects = {

/* Begin PBXBuildFile section */
		FA5CAB5B2361A07300CD2AAE /* AppDelegate.swift in Sources */ = {isa = PBXBuildFile; fileRef = FA5CAB5A2361A07300CD2AAE /* AppDelegate.swift */; };
		FA5CAB5D2361A07300CD2AAE /* SceneDelegate.swift in Sources */ = {isa = PBXBuildFile; fileRef = FA5CAB5C2361A07300CD2AAE /* SceneDelegate.swift */; };
		FA5CAB602361A07400CD2AAE /* TravelRandomizer_IOS.xcdatamodeld in Sources */ = {isa = PBXBuildFile; fileRef = FA5CAB5E2361A07400CD2AAE /* TravelRandomizer_IOS.xcdatamodeld */; };
		FA5CAB622361A07400CD2AAE /* ContentView.swift in Sources */ = {isa = PBXBuildFile; fileRef = FA5CAB612361A07400CD2AAE /* ContentView.swift */; };
		FA5CAB642361A07900CD2AAE /* Assets.xcassets in Resources */ = {isa = PBXBuildFile; fileRef = FA5CAB632361A07900CD2AAE /* Assets.xcassets */; };
		FA5CAB672361A07900CD2AAE /* Preview Assets.xcassets in Resources */ = {isa = PBXBuildFile; fileRef = FA5CAB662361A07900CD2AAE /* Preview Assets.xcassets */; };
		FA5CAB6A2361A07900CD2AAE /* LaunchScreen.storyboard in Resources */ = {isa = PBXBuildFile; fileRef = FA5CAB682361A07900CD2AAE /* LaunchScreen.storyboard */; };
		FA5CAB752361A07900CD2AAE /* TravelRandomizer_IOSTests.swift in Sources */ = {isa = PBXBuildFile; fileRef = FA5CAB742361A07900CD2AAE /* TravelRandomizer_IOSTests.swift */; };
		FA5CAB802361A07900CD2AAE /* TravelRandomizer_IOSUITests.swift in Sources */ = {isa = PBXBuildFile; fileRef = FA5CAB7F2361A07900CD2AAE /* TravelRandomizer_IOSUITests.swift */; };
/* End PBXBuildFile section */

/* Begin PBXContainerItemProxy section */
		FA5CAB712361A07900CD2AAE /* PBXContainerItemProxy */ = {
			isa = PBXContainerItemProxy;
			containerPortal = FA5CAB4F2361A07300CD2AAE /* Project object */;
			proxyType = 1;
			remoteGlobalIDString = FA5CAB562361A07300CD2AAE;
			remoteInfo = TravelRandomizer_IOS;
		};
		FA5CAB7C2361A07900CD2AAE /* PBXContainerItemProxy */ = {
			isa = PBXContainerItemProxy;
			containerPortal = FA5CAB4F2361A07300CD2AAE /* Project object */;
			proxyType = 1;
			remoteGlobalIDString = FA5CAB562361A07300CD2AAE;
			remoteInfo = TravelRandomizer_IOS;
		};
/* End PBXContainerItemProxy section */

/* Begin PBXFileReference section */
		FA5CAB572361A07300CD2AAE /* TravelRandomizer_IOS.app */ = {isa = PBXFileReference; explicitFileType = wrapper.application; includeInIndex = 0; path = TravelRandomizer_IOS.app; sourceTree = BUILT_PRODUCTS_DIR; };
		FA5CAB5A2361A07300CD2AAE /* AppDelegate.swift */ = {isa = PBXFileReference; lastKnownFileType = sourcecode.swift; path = AppDelegate.swift; sourceTree = "<group>"; };
		FA5CAB5C2361A07300CD2AAE /* SceneDelegate.swift */ = {isa = PBXFileReference; lastKnownFileType = sourcecode.swift; path = SceneDelegate.swift; sourceTree = "<group>"; };
		FA5CAB5F2361A07400CD2AAE /* TravelRandomizer_IOS.xcdatamodel */ = {isa = PBXFileReference; lastKnownFileType = wrapper.xcdatamodel; path = TravelRandomizer_IOS.xcdatamodel; sourceTree = "<group>"; };
		FA5CAB612361A07400CD2AAE /* ContentView.swift */ = {isa = PBXFileReference; lastKnownFileType = sourcecode.swift; path = ContentView.swift; sourceTree = "<group>"; };
		FA5CAB632361A07900CD2AAE /* Assets.xcassets */ = {isa = PBXFileReference; lastKnownFileType = folder.assetcatalog; path = Assets.xcassets; sourceTree = "<group>"; };
		FA5CAB662361A07900CD2AAE /* Preview Assets.xcassets */ = {isa = PBXFileReference; lastKnownFileType = folder.assetcatalog; path = "Preview Assets.xcassets"; sourceTree = "<group>"; };
		FA5CAB692361A07900CD2AAE /* Base */ = {isa = PBXFileReference; lastKnownFileType = file.storyboard; name = Base; path = Base.lproj/LaunchScreen.storyboard; sourceTree = "<group>"; };
		FA5CAB6B2361A07900CD2AAE /* Info.plist */ = {isa = PBXFileReference; lastKnownFileType = text.plist.xml; path = Info.plist; sourceTree = "<group>"; };
		FA5CAB702361A07900CD2AAE /* TravelRandomizer_IOSTests.xctest */ = {isa = PBXFileReference; explicitFileType = wrapper.cfbundle; includeInIndex = 0; path = TravelRandomizer_IOSTests.xctest; sourceTree = BUILT_PRODUCTS_DIR; };
		FA5CAB742361A07900CD2AAE /* TravelRandomizer_IOSTests.swift */ = {isa = PBXFileReference; lastKnownFileType = sourcecode.swift; path = TravelRandomizer_IOSTests.swift; sourceTree = "<group>"; };
		FA5CAB762361A07900CD2AAE /* Info.plist */ = {isa = PBXFileReference; lastKnownFileType = text.plist.xml; path = Info.plist; sourceTree = "<group>"; };
		FA5CAB7B2361A07900CD2AAE /* TravelRandomizer_IOSUITests.xctest */ = {isa = PBXFileReference; explicitFileType = wrapper.cfbundle; includeInIndex = 0; path = TravelRandomizer_IOSUITests.xctest; sourceTree = BUILT_PRODUCTS_DIR; };
		FA5CAB7F2361A07900CD2AAE /* TravelRandomizer_IOSUITests.swift */ = {isa = PBXFileReference; lastKnownFileType = sourcecode.swift; path = TravelRandomizer_IOSUITests.swift; sourceTree = "<group>"; };
		FA5CAB812361A07900CD2AAE /* Info.plist */ = {isa = PBXFileReference; lastKnownFileType = text.plist.xml; path = Info.plist; sourceTree = "<group>"; };
/* End PBXFileReference section */

/* Begin PBXFrameworksBuildPhase section */
		FA5CAB542361A07300CD2AAE /* Frameworks */ = {
			isa = PBXFrameworksBuildPhase;
			buildActionMask = 2147483647;
			files = (
			);
			runOnlyForDeploymentPostprocessing = 0;
		};
		FA5CAB6D2361A07900CD2AAE /* Frameworks */ = {
			isa = PBXFrameworksBuildPhase;
			buildActionMask = 2147483647;
			files = (
			);
			runOnlyForDeploymentPostprocessing = 0;
		};
		FA5CAB782361A07900CD2AAE /* Frameworks */ = {
			isa = PBXFrameworksBuildPhase;
			buildActionMask = 2147483647;
			files = (
			);
			runOnlyForDeploymentPostprocessing = 0;
		};
/* End PBXFrameworksBuildPhase section */

/* Begin PBXGroup section */
		FA5CAB4E2361A07300CD2AAE = {
			isa = PBXGroup;
			children = (
				FA5CAB592361A07300CD2AAE /* TravelRandomizer_IOS */,
				FA5CAB732361A07900CD2AAE /* TravelRandomizer_IOSTests */,
				FA5CAB7E2361A07900CD2AAE /* TravelRandomizer_IOSUITests */,
				FA5CAB582361A07300CD2AAE /* Products */,
			);
			sourceTree = "<group>";
		};
		FA5CAB582361A07300CD2AAE /* Products */ = {
			isa = PBXGroup;
			children = (
				FA5CAB572361A07300CD2AAE /* TravelRandomizer_IOS.app */,
				FA5CAB702361A07900CD2AAE /* TravelRandomizer_IOSTests.xctest */,
				FA5CAB7B2361A07900CD2AAE /* TravelRandomizer_IOSUITests.xctest */,
			);
			name = Products;
			sourceTree = "<group>";
		};
		FA5CAB592361A07300CD2AAE /* TravelRandomizer_IOS */ = {
			isa = PBXGroup;
			children = (
				FA5CAB5A2361A07300CD2AAE /* AppDelegate.swift */,
				FA5CAB5C2361A07300CD2AAE /* SceneDelegate.swift */,
				FA5CAB612361A07400CD2AAE /* ContentView.swift */,
				FA5CAB632361A07900CD2AAE /* Assets.xcassets */,
				FA5CAB682361A07900CD2AAE /* LaunchScreen.storyboard */,
				FA5CAB6B2361A07900CD2AAE /* Info.plist */,
				FA5CAB5E2361A07400CD2AAE /* TravelRandomizer_IOS.xcdatamodeld */,
				FA5CAB652361A07900CD2AAE /* Preview Content */,
			);
			path = TravelRandomizer_IOS;
			sourceTree = "<group>";
		};
		FA5CAB652361A07900CD2AAE /* Preview Content */ = {
			isa = PBXGroup;
			children = (
				FA5CAB662361A07900CD2AAE /* Preview Assets.xcassets */,
			);
			path = "Preview Content";
			sourceTree = "<group>";
		};
		FA5CAB732361A07900CD2AAE /* TravelRandomizer_IOSTests */ = {
			isa = PBXGroup;
			children = (
				FA5CAB742361A07900CD2AAE /* TravelRandomizer_IOSTests.swift */,
				FA5CAB762361A07900CD2AAE /* Info.plist */,
			);
			path = TravelRandomizer_IOSTests;
			sourceTree = "<group>";
		};
		FA5CAB7E2361A07900CD2AAE /* TravelRandomizer_IOSUITests */ = {
			isa = PBXGroup;
			children = (
				FA5CAB7F2361A07900CD2AAE /* TravelRandomizer_IOSUITests.swift */,
				FA5CAB812361A07900CD2AAE /* Info.plist */,
			);
			path = TravelRandomizer_IOSUITests;
			sourceTree = "<group>";
		};
/* End PBXGroup section */

/* Begin PBXNativeTarget section */
		FA5CAB562361A07300CD2AAE /* TravelRandomizer_IOS */ = {
			isa = PBXNativeTarget;
			buildConfigurationList = FA5CAB842361A07900CD2AAE /* Build configuration list for PBXNativeTarget "TravelRandomizer_IOS" */;
			buildPhases = (
				FA5CAB532361A07300CD2AAE /* Sources */,
				FA5CAB542361A07300CD2AAE /* Frameworks */,
				FA5CAB552361A07300CD2AAE /* Resources */,
			);
			buildRules = (
			);
			dependencies = (
			);
			name = TravelRandomizer_IOS;
			productName = TravelRandomizer_IOS;
			productReference = FA5CAB572361A07300CD2AAE /* TravelRandomizer_IOS.app */;
			productType = "com.apple.product-type.application";
		};
		FA5CAB6F2361A07900CD2AAE /* TravelRandomizer_IOSTests */ = {
			isa = PBXNativeTarget;
			buildConfigurationList = FA5CAB872361A07900CD2AAE /* Build configuration list for PBXNativeTarget "TravelRandomizer_IOSTests" */;
			buildPhases = (
				FA5CAB6C2361A07900CD2AAE /* Sources */,
				FA5CAB6D2361A07900CD2AAE /* Frameworks */,
				FA5CAB6E2361A07900CD2AAE /* Resources */,
			);
			buildRules = (
			);
			dependencies = (
				FA5CAB722361A07900CD2AAE /* PBXTargetDependency */,
			);
			name = TravelRandomizer_IOSTests;
			productName = TravelRandomizer_IOSTests;
			productReference = FA5CAB702361A07900CD2AAE /* TravelRandomizer_IOSTests.xctest */;
			productType = "com.apple.product-type.bundle.unit-test";
		};
		FA5CAB7A2361A07900CD2AAE /* TravelRandomizer_IOSUITests */ = {
			isa = PBXNativeTarget;
			buildConfigurationList = FA5CAB8A2361A07900CD2AAE /* Build configuration list for PBXNativeTarget "TravelRandomizer_IOSUITests" */;
			buildPhases = (
				FA5CAB772361A07900CD2AAE /* Sources */,
				FA5CAB782361A07900CD2AAE /* Frameworks */,
				FA5CAB792361A07900CD2AAE /* Resources */,
			);
			buildRules = (
			);
			dependencies = (
				FA5CAB7D2361A07900CD2AAE /* PBXTargetDependency */,
			);
			name = TravelRandomizer_IOSUITests;
			productName = TravelRandomizer_IOSUITests;
			productReference = FA5CAB7B2361A07900CD2AAE /* TravelRandomizer_IOSUITests.xctest */;
			productType = "com.apple.product-type.bundle.ui-testing";
		};
/* End PBXNativeTarget section */

/* Begin PBXProject section */
		FA5CAB4F2361A07300CD2AAE /* Project object */ = {
			isa = PBXProject;
			attributes = {
				LastSwiftUpdateCheck = 1110;
				LastUpgradeCheck = 1110;
				ORGANIZATIONNAME = "Алексей";
				TargetAttributes = {
					FA5CAB562361A07300CD2AAE = {
						CreatedOnToolsVersion = 11.1;
					};
					FA5CAB6F2361A07900CD2AAE = {
						CreatedOnToolsVersion = 11.1;
						TestTargetID = FA5CAB562361A07300CD2AAE;
					};
					FA5CAB7A2361A07900CD2AAE = {
						CreatedOnToolsVersion = 11.1;
						TestTargetID = FA5CAB562361A07300CD2AAE;
					};
				};
			};
			buildConfigurationList = FA5CAB522361A07300CD2AAE /* Build configuration list for PBXProject "TravelRandomizer_IOS" */;
			compatibilityVersion = "Xcode 9.3";
			developmentRegion = en;
			hasScannedForEncodings = 0;
			knownRegions = (
				en,
				Base,
			);
			mainGroup = FA5CAB4E2361A07300CD2AAE;
			productRefGroup = FA5CAB582361A07300CD2AAE /* Products */;
			projectDirPath = "";
			projectRoot = "";
			targets = (
				FA5CAB562361A07300CD2AAE /* TravelRandomizer_IOS */,
				FA5CAB6F2361A07900CD2AAE /* TravelRandomizer_IOSTests */,
				FA5CAB7A2361A07900CD2AAE /* TravelRandomizer_IOSUITests */,
			);
		};
/* End PBXProject section */

/* Begin PBXResourcesBuildPhase section */
		FA5CAB552361A07300CD2AAE /* Resources */ = {
			isa = PBXResourcesBuildPhase;
			buildActionMask = 2147483647;
			files = (
				FA5CAB6A2361A07900CD2AAE /* LaunchScreen.storyboard in Resources */,
				FA5CAB672361A07900CD2AAE /* Preview Assets.xcassets in Resources */,
				FA5CAB642361A07900CD2AAE /* Assets.xcassets in Resources */,
			);
			runOnlyForDeploymentPostprocessing = 0;
		};
		FA5CAB6E2361A07900CD2AAE /* Resources */ = {
			isa = PBXResourcesBuildPhase;
			buildActionMask = 2147483647;
			files = (
			);
			runOnlyForDeploymentPostprocessing = 0;
		};
		FA5CAB792361A07900CD2AAE /* Resources */ = {
			isa = PBXResourcesBuildPhase;
			buildActionMask = 2147483647;
			files = (
			);
			runOnlyForDeploymentPostprocessing = 0;
		};
/* End PBXResourcesBuildPhase section */

/* Begin PBXSourcesBuildPhase section */
		FA5CAB532361A07300CD2AAE /* Sources */ = {
			isa = PBXSourcesBuildPhase;
			buildActionMask = 2147483647;
			files = (
				FA5CAB5B2361A07300CD2AAE /* AppDelegate.swift in Sources */,
				FA5CAB5D2361A07300CD2AAE /* SceneDelegate.swift in Sources */,
				FA5CAB622361A07400CD2AAE /* ContentView.swift in Sources */,
				FA5CAB602361A07400CD2AAE /* TravelRandomizer_IOS.xcdatamodeld in Sources */,
			);
			runOnlyForDeploymentPostprocessing = 0;
		};
		FA5CAB6C2361A07900CD2AAE /* Sources */ = {
			isa = PBXSourcesBuildPhase;
			buildActionMask = 2147483647;
			files = (
				FA5CAB752361A07900CD2AAE /* TravelRandomizer_IOSTests.swift in Sources */,
			);
			runOnlyForDeploymentPostprocessing = 0;
		};
		FA5CAB772361A07900CD2AAE /* Sources */ = {
			isa = PBXSourcesBuildPhase;
			buildActionMask = 2147483647;
			files = (
				FA5CAB802361A07900CD2AAE /* TravelRandomizer_IOSUITests.swift in Sources */,
			);
			runOnlyForDeploymentPostprocessing = 0;
		};
/* End PBXSourcesBuildPhase section */

/* Begin PBXTargetDependency section */
		FA5CAB722361A07900CD2AAE /* PBXTargetDependency */ = {
			isa = PBXTargetDependency;
			target = FA5CAB562361A07300CD2AAE /* TravelRandomizer_IOS */;
			targetProxy = FA5CAB712361A07900CD2AAE /* PBXContainerItemProxy */;
		};
		FA5CAB7D2361A07900CD2AAE /* PBXTargetDependency */ = {
			isa = PBXTargetDependency;
			target = FA5CAB562361A07300CD2AAE /* TravelRandomizer_IOS */;
			targetProxy = FA5CAB7C2361A07900CD2AAE /* PBXContainerItemProxy */;
		};
/* End PBXTargetDependency section */

/* Begin PBXVariantGroup section */
		FA5CAB682361A07900CD2AAE /* LaunchScreen.storyboard */ = {
			isa = PBXVariantGroup;
			children = (
				FA5CAB692361A07900CD2AAE /* Base */,
			);
			name = LaunchScreen.storyboard;
			sourceTree = "<group>";
		};
/* End PBXVariantGroup section */

/* Begin XCBuildConfiguration section */
		FA5CAB822361A07900CD2AAE /* Debug */ = {
			isa = XCBuildConfiguration;
			buildSettings = {
				ALWAYS_SEARCH_USER_PATHS = NO;
				CLANG_ANALYZER_NONNULL = YES;
				CLANG_ANALYZER_NUMBER_OBJECT_CONVERSION = YES_AGGRESSIVE;
				CLANG_CXX_LANGUAGE_STANDARD = "gnu++14";
				CLANG_CXX_LIBRARY = "libc++";
				CLANG_ENABLE_MODULES = YES;
				CLANG_ENABLE_OBJC_ARC = YES;
				CLANG_ENABLE_OBJC_WEAK = YES;
				CLANG_WARN_BLOCK_CAPTURE_AUTORELEASING = YES;
				CLANG_WARN_BOOL_CONVERSION = YES;
				CLANG_WARN_COMMA = YES;
				CLANG_WARN_CONSTANT_CONVERSION = YES;
				CLANG_WARN_DEPRECATED_OBJC_IMPLEMENTATIONS = YES;
				CLANG_WARN_DIRECT_OBJC_ISA_USAGE = YES_ERROR;
				CLANG_WARN_DOCUMENTATION_COMMENTS = YES;
				CLANG_WARN_EMPTY_BODY = YES;
				CLANG_WARN_ENUM_CONVERSION = YES;
				CLANG_WARN_INFINITE_RECURSION = YES;
				CLANG_WARN_INT_CONVERSION = YES;
				CLANG_WARN_NON_LITERAL_NULL_CONVERSION = YES;
				CLANG_WARN_OBJC_IMPLICIT_RETAIN_SELF = YES;
				CLANG_WARN_OBJC_LITERAL_CONVERSION = YES;
				CLANG_WARN_OBJC_ROOT_CLASS = YES_ERROR;
				CLANG_WARN_RANGE_LOOP_ANALYSIS = YES;
				CLANG_WARN_STRICT_PROTOTYPES = YES;
				CLANG_WARN_SUSPICIOUS_MOVE = YES;
				CLANG_WARN_UNGUARDED_AVAILABILITY = YES_AGGRESSIVE;
				CLANG_WARN_UNREACHABLE_CODE = YES;
				CLANG_WARN__DUPLICATE_METHOD_MATCH = YES;
				COPY_PHASE_STRIP = NO;
				DEBUG_INFORMATION_FORMAT = dwarf;
				ENABLE_STRICT_OBJC_MSGSEND = YES;
				ENABLE_TESTABILITY = YES;
				GCC_C_LANGUAGE_STANDARD = gnu11;
				GCC_DYNAMIC_NO_PIC = NO;
				GCC_NO_COMMON_BLOCKS = YES;
				GCC_OPTIMIZATION_LEVEL = 0;
				GCC_PREPROCESSOR_DEFINITIONS = (
					"DEBUG=1",
					"$(inherited)",
				);
				GCC_WARN_64_TO_32_BIT_CONVERSION = YES;
				GCC_WARN_ABOUT_RETURN_TYPE = YES_ERROR;
				GCC_WARN_UNDECLARED_SELECTOR = YES;
				GCC_WARN_UNINITIALIZED_AUTOS = YES_AGGRESSIVE;
				GCC_WARN_UNUSED_FUNCTION = YES;
				GCC_WARN_UNUSED_VARIABLE = YES;
				IPHONEOS_DEPLOYMENT_TARGET = 13.1;
				MTL_ENABLE_DEBUG_INFO = INCLUDE_SOURCE;
				MTL_FAST_MATH = YES;
				ONLY_ACTIVE_ARCH = YES;
				SDKROOT = iphoneos;
				SWIFT_ACTIVE_COMPILATION_CONDITIONS = DEBUG;
				SWIFT_OPTIMIZATION_LEVEL = "-Onone";
			};
			name = Debug;
		};
		FA5CAB832361A07900CD2AAE /* Release */ = {
			isa = XCBuildConfiguration;
			buildSettings = {
				ALWAYS_SEARCH_USER_PATHS = NO;
				CLANG_ANALYZER_NONNULL = YES;
				CLANG_ANALYZER_NUMBER_OBJECT_CONVERSION = YES_AGGRESSIVE;
				CLANG_CXX_LANGUAGE_STANDARD = "gnu++14";
				CLANG_CXX_LIBRARY = "libc++";
				CLANG_ENABLE_MODULES = YES;
				CLANG_ENABLE_OBJC_ARC = YES;
				CLANG_ENABLE_OBJC_WEAK = YES;
				CLANG_WARN_BLOCK_CAPTURE_AUTORELEASING = YES;
				CLANG_WARN_BOOL_CONVERSION = YES;
				CLANG_WARN_COMMA = YES;
				CLANG_WARN_CONSTANT_CONVERSION = YES;
				CLANG_WARN_DEPRECATED_OBJC_IMPLEMENTATIONS = YES;
				CLANG_WARN_DIRECT_OBJC_ISA_USAGE = YES_ERROR;
				CLANG_WARN_DOCUMENTATION_COMMENTS = YES;
				CLANG_WARN_EMPTY_BODY = YES;
				CLANG_WARN_ENUM_CONVERSION = YES;
				CLANG_WARN_INFINITE_RECURSION = YES;
				CLANG_WARN_INT_CONVERSION = YES;
				CLANG_WARN_NON_LITERAL_NULL_CONVERSION = YES;
				CLANG_WARN_OBJC_IMPLICIT_RETAIN_SELF = YES;
				CLANG_WARN_OBJC_LITERAL_CONVERSION = YES;
				CLANG_WARN_OBJC_ROOT_CLASS = YES_ERROR;
				CLANG_WARN_RANGE_LOOP_ANALYSIS = YES;
				CLANG_WARN_STRICT_PROTOTYPES = YES;
				CLANG_WARN_SUSPICIOUS_MOVE = YES;
				CLANG_WARN_UNGUARDED_AVAILABILITY = YES_AGGRESSIVE;
				CLANG_WARN_UNREACHABLE_CODE = YES;
				CLANG_WARN__DUPLICATE_METHOD_MATCH = YES;
				COPY_PHASE_STRIP = NO;
				DEBUG_INFORMATION_FORMAT = "dwarf-with-dsym";
				ENABLE_NS_ASSERTIONS = NO;
				ENABLE_STRICT_OBJC_MSGSEND = YES;
				GCC_C_LANGUAGE_STANDARD = gnu11;
				GCC_NO_COMMON_BLOCKS = YES;
				GCC_WARN_64_TO_32_BIT_CONVERSION = YES;
				GCC_WARN_ABOUT_RETURN_TYPE = YES_ERROR;
				GCC_WARN_UNDECLARED_SELECTOR = YES;
				GCC_WARN_UNINITIALIZED_AUTOS = YES_AGGRESSIVE;
				GCC_WARN_UNUSED_FUNCTION = YES;
				GCC_WARN_UNUSED_VARIABLE = YES;
				IPHONEOS_DEPLOYMENT_TARGET = 13.1;
				MTL_ENABLE_DEBUG_INFO = NO;
				MTL_FAST_MATH = YES;
				SDKROOT = iphoneos;
				SWIFT_COMPILATION_MODE = wholemodule;
				SWIFT_OPTIMIZATION_LEVEL = "-O";
				VALIDATE_PRODUCT = YES;
			};
			name = Release;
		};
		FA5CAB852361A07900CD2AAE /* Debug */ = {
			isa = XCBuildConfiguration;
			buildSettings = {
				ASSETCATALOG_COMPILER_APPICON_NAME = AppIcon;
				CODE_SIGN_STYLE = Automatic;
				DEVELOPMENT_ASSET_PATHS = "\"TravelRandomizer_IOS/Preview Content\"";
				DEVELOPMENT_TEAM = YJJWT3N6UE;
				ENABLE_PREVIEWS = YES;
				INFOPLIST_FILE = TravelRandomizer_IOS/Info.plist;
				LD_RUNPATH_SEARCH_PATHS = (
					"$(inherited)",
					"@executable_path/Frameworks",
				);
				PRODUCT_BUNDLE_IDENTIFIER = "TRTPO.TravelRandomizer-IOS";
				PRODUCT_NAME = "$(TARGET_NAME)";
				SWIFT_VERSION = 5.0;
				TARGETED_DEVICE_FAMILY = "1,2";
			};
			name = Debug;
		};
		FA5CAB862361A07900CD2AAE /* Release */ = {
			isa = XCBuildConfiguration;
			buildSettings = {
				ASSETCATALOG_COMPILER_APPICON_NAME = AppIcon;
				CODE_SIGN_STYLE = Automatic;
				DEVELOPMENT_ASSET_PATHS = "\"TravelRandomizer_IOS/Preview Content\"";
				DEVELOPMENT_TEAM = YJJWT3N6UE;
				ENABLE_PREVIEWS = YES;
				INFOPLIST_FILE = TravelRandomizer_IOS/Info.plist;
				LD_RUNPATH_SEARCH_PATHS = (
					"$(inherited)",
					"@executable_path/Frameworks",
				);
				PRODUCT_BUNDLE_IDENTIFIER = "TRTPO.TravelRandomizer-IOS";
				PRODUCT_NAME = "$(TARGET_NAME)";
				SWIFT_VERSION = 5.0;
				TARGETED_DEVICE_FAMILY = "1,2";
			};
			name = Release;
		};
		FA5CAB882361A07900CD2AAE /* Debug */ = {
			isa = XCBuildConfiguration;
			buildSettings = {
				ALWAYS_EMBED_SWIFT_STANDARD_LIBRARIES = YES;
				BUNDLE_LOADER = "$(TEST_HOST)";
				CODE_SIGN_STYLE = Automatic;
				DEVELOPMENT_TEAM = YJJWT3N6UE;
				INFOPLIST_FILE = TravelRandomizer_IOSTests/Info.plist;
				IPHONEOS_DEPLOYMENT_TARGET = 13.1;
				LD_RUNPATH_SEARCH_PATHS = (
					"$(inherited)",
					"@executable_path/Frameworks",
					"@loader_path/Frameworks",
				);
				PRODUCT_BUNDLE_IDENTIFIER = "TRTPO.TravelRandomizer-IOSTests";
				PRODUCT_NAME = "$(TARGET_NAME)";
				SWIFT_VERSION = 5.0;
				TARGETED_DEVICE_FAMILY = "1,2";
				TEST_HOST = "$(BUILT_PRODUCTS_DIR)/TravelRandomizer_IOS.app/TravelRandomizer_IOS";
			};
			name = Debug;
		};
		FA5CAB892361A07900CD2AAE /* Release */ = {
			isa = XCBuildConfiguration;
			buildSettings = {
				ALWAYS_EMBED_SWIFT_STANDARD_LIBRARIES = YES;
				BUNDLE_LOADER = "$(TEST_HOST)";
				CODE_SIGN_STYLE = Automatic;
				DEVELOPMENT_TEAM = YJJWT3N6UE;
				INFOPLIST_FILE = TravelRandomizer_IOSTests/Info.plist;
				IPHONEOS_DEPLOYMENT_TARGET = 13.1;
				LD_RUNPATH_SEARCH_PATHS = (
					"$(inherited)",
					"@executable_path/Frameworks",
					"@loader_path/Frameworks",
				);
				PRODUCT_BUNDLE_IDENTIFIER = "TRTPO.TravelRandomizer-IOSTests";
				PRODUCT_NAME = "$(TARGET_NAME)";
				SWIFT_VERSION = 5.0;
				TARGETED_DEVICE_FAMILY = "1,2";
				TEST_HOST = "$(BUILT_PRODUCTS_DIR)/TravelRandomizer_IOS.app/TravelRandomizer_IOS";
			};
			name = Release;
		};
		FA5CAB8B2361A07900CD2AAE /* Debug */ = {
			isa = XCBuildConfiguration;
			buildSettings = {
				ALWAYS_EMBED_SWIFT_STANDARD_LIBRARIES = YES;
				CODE_SIGN_STYLE = Automatic;
				DEVELOPMENT_TEAM = YJJWT3N6UE;
				INFOPLIST_FILE = TravelRandomizer_IOSUITests/Info.plist;
				LD_RUNPATH_SEARCH_PATHS = (
					"$(inherited)",
					"@executable_path/Frameworks",
					"@loader_path/Frameworks",
				);
				PRODUCT_BUNDLE_IDENTIFIER = "TRTPO.TravelRandomizer-IOSUITests";
				PRODUCT_NAME = "$(TARGET_NAME)";
				SWIFT_VERSION = 5.0;
				TARGETED_DEVICE_FAMILY = "1,2";
				TEST_TARGET_NAME = TravelRandomizer_IOS;
			};
			name = Debug;
		};
		FA5CAB8C2361A07900CD2AAE /* Release */ = {
			isa = XCBuildConfiguration;
			buildSettings = {
				ALWAYS_EMBED_SWIFT_STANDARD_LIBRARIES = YES;
				CODE_SIGN_STYLE = Automatic;
				DEVELOPMENT_TEAM = YJJWT3N6UE;
				INFOPLIST_FILE = TravelRandomizer_IOSUITests/Info.plist;
				LD_RUNPATH_SEARCH_PATHS = (
					"$(inherited)",
					"@executable_path/Frameworks",
					"@loader_path/Frameworks",
				);
				PRODUCT_BUNDLE_IDENTIFIER = "TRTPO.TravelRandomizer-IOSUITests";
				PRODUCT_NAME = "$(TARGET_NAME)";
				SWIFT_VERSION = 5.0;
				TARGETED_DEVICE_FAMILY = "1,2";
				TEST_TARGET_NAME = TravelRandomizer_IOS;
			};
			name = Release;
		};
/* End XCBuildConfiguration section */

/* Begin XCConfigurationList section */
		FA5CAB522361A07300CD2AAE /* Build configuration list for PBXProject "TravelRandomizer_IOS" */ = {
			isa = XCConfigurationList;
			buildConfigurations = (
				FA5CAB822361A07900CD2AAE /* Debug */,
				FA5CAB832361A07900CD2AAE /* Release */,
			);
			defaultConfigurationIsVisible = 0;
			defaultConfigurationName = Release;
		};
		FA5CAB842361A07900CD2AAE /* Build configuration list for PBXNativeTarget "TravelRandomizer_IOS" */ = {
			isa = XCConfigurationList;
			buildConfigurations = (
				FA5CAB852361A07900CD2AAE /* Debug */,
				FA5CAB862361A07900CD2AAE /* Release */,
			);
			defaultConfigurationIsVisible = 0;
			defaultConfigurationName = Release;
		};
		FA5CAB872361A07900CD2AAE /* Build configuration list for PBXNativeTarget "TravelRandomizer_IOSTests" */ = {
			isa = XCConfigurationList;
			buildConfigurations = (
				FA5CAB882361A07900CD2AAE /* Debug */,
				FA5CAB892361A07900CD2AAE /* Release */,
			);
			defaultConfigurationIsVisible = 0;
			defaultConfigurationName = Release;
		};
		FA5CAB8A2361A07900CD2AAE /* Build configuration list for PBXNativeTarget "TravelRandomizer_IOSUITests" */ = {
			isa = XCConfigurationList;
			buildConfigurations = (
				FA5CAB8B2361A07900CD2AAE /* Debug */,
				FA5CAB8C2361A07900CD2AAE /* Release */,
			);
			defaultConfigurationIsVisible = 0;
			defaultConfigurationName = Release;
		};
/* End XCConfigurationList section */

/* Begin XCVersionGroup section */
		FA5CAB5E2361A07400CD2AAE /* TravelRandomizer_IOS.xcdatamodeld */ = {
			isa = XCVersionGroup;
			children = (
				FA5CAB5F2361A07400CD2AAE /* TravelRandomizer_IOS.xcdatamodel */,
			);
			currentVersion = FA5CAB5F2361A07400CD2AAE /* TravelRandomizer_IOS.xcdatamodel */;
			path = TravelRandomizer_IOS.xcdatamodeld;
			sourceTree = "<group>";
			versionGroupType = wrapper.xcdatamodel;
		};
/* End XCVersionGroup section */
	};
	rootObject = FA5CAB4F2361A07300CD2AAE /* Project object */;
}
